// !$*UTF8*$!
{
	archiveVersion = 1;
	classes = {
	};
	objectVersion = 46;
	objects = {

/* Begin PBXBuildFile section */
		2604DD271C8FC3E300486263 /* TechTableViewCell.swift in Sources */ = {isa = PBXBuildFile; fileRef = 2604DD261C8FC3E300486263 /* TechTableViewCell.swift */; };
		2608A1201CA931AF009B2070 /* GankScheduler.swift in Sources */ = {isa = PBXBuildFile; fileRef = 2608A11F1CA931AF009B2070 /* GankScheduler.swift */; };
		262C85CB1C98447E0076373F /* GKSafariActivity.swift in Sources */ = {isa = PBXBuildFile; fileRef = 262C85CA1C98447E0076373F /* GKSafariActivity.swift */; };
		26344B8D1C8FABD8008ED4F5 /* GankTransitionAnimation.swift in Sources */ = {isa = PBXBuildFile; fileRef = 26344B8C1C8FABD8008ED4F5 /* GankTransitionAnimation.swift */; };
		26344B8F1C8FB7A2008ED4F5 /* Configuration.swift in Sources */ = {isa = PBXBuildFile; fileRef = 26344B8E1C8FB7A2008ED4F5 /* Configuration.swift */; };
		264280141C95C43700C64AD6 /* ShareViewController.swift in Sources */ = {isa = PBXBuildFile; fileRef = 264280131C95C43700C64AD6 /* ShareViewController.swift */; };
		264280171C95C43700C64AD6 /* MainInterface.storyboard in Resources */ = {isa = PBXBuildFile; fileRef = 264280151C95C43700C64AD6 /* MainInterface.storyboard */; };
		2642801C1C95C43700C64AD6 /* ShareToGank.appex in Embed App Extensions */ = {isa = PBXBuildFile; fileRef = 264280111C95C43700C64AD6 /* ShareToGank.appex */; settings = {ATTRIBUTES = (RemoveHeadersOnCopy, ); }; };
		264280211C965F8D00C64AD6 /* OptionViewController.swift in Sources */ = {isa = PBXBuildFile; fileRef = 264280201C965F8D00C64AD6 /* OptionViewController.swift */; };
		265410921C8BE7EA00FBA58C /* TechViewController.swift in Sources */ = {isa = PBXBuildFile; fileRef = 265410911C8BE7EA00FBA58C /* TechViewController.swift */; };
		267261A81C82A60A00078037 /* GirlTableViewController.swift in Sources */ = {isa = PBXBuildFile; fileRef = 267261A71C82A60A00078037 /* GirlTableViewController.swift */; };
		267261AA1C82A70F00078037 /* GirlTableViewCell.swift in Sources */ = {isa = PBXBuildFile; fileRef = 267261A91C82A70F00078037 /* GirlTableViewCell.swift */; };
		267261AE1C82BDBD00078037 /* ContentViewController.swift in Sources */ = {isa = PBXBuildFile; fileRef = 267261AD1C82BDBD00078037 /* ContentViewController.swift */; };
		26735FA01C832DB9008B1B52 /* DetailTableViewCell.swift in Sources */ = {isa = PBXBuildFile; fileRef = 26735F9F1C832DB9008B1B52 /* DetailTableViewCell.swift */; };
		2684901E1C829B5300378065 /* AppDelegate.swift in Sources */ = {isa = PBXBuildFile; fileRef = 268490101C829B5300378065 /* AppDelegate.swift */; };
		2684901F1C829B5300378065 /* Assets.xcassets in Resources */ = {isa = PBXBuildFile; fileRef = 268490111C829B5300378065 /* Assets.xcassets */; };
		268490201C829B5300378065 /* LaunchScreen.storyboard in Resources */ = {isa = PBXBuildFile; fileRef = 268490121C829B5300378065 /* LaunchScreen.storyboard */; };
		268490211C829B5300378065 /* Main.storyboard in Resources */ = {isa = PBXBuildFile; fileRef = 268490141C829B5300378065 /* Main.storyboard */; };
		268490291C829C4300378065 /* GankProvider.swift in Sources */ = {isa = PBXBuildFile; fileRef = 268490241C829C4300378065 /* GankProvider.swift */; };
		2684902B1C829C4300378065 /* SwiftyUserDefaults.swift in Sources */ = {isa = PBXBuildFile; fileRef = 268490261C829C4300378065 /* SwiftyUserDefaults.swift */; };
		2684902C1C829C4300378065 /* Logger.swift in Sources */ = {isa = PBXBuildFile; fileRef = 268490271C829C4300378065 /* Logger.swift */; };
		2684902D1C829C4300378065 /* NetworkLogger.swift in Sources */ = {isa = PBXBuildFile; fileRef = 268490281C829C4300378065 /* NetworkLogger.swift */; };
		2684902F1C829D5300378065 /* Observable+Logger.swift in Sources */ = {isa = PBXBuildFile; fileRef = 2684902E1C829D5300378065 /* Observable+Logger.swift */; };
		268490311C829F7100378065 /* GankModel.swift in Sources */ = {isa = PBXBuildFile; fileRef = 268490301C829F7100378065 /* GankModel.swift */; };
		268490361C82A03E00378065 /* RefreshExtension.swift in Sources */ = {isa = PBXBuildFile; fileRef = 268490321C82A03E00378065 /* RefreshExtension.swift */; };
		268490371C82A03E00378065 /* UIStoryBoardExtension.swift in Sources */ = {isa = PBXBuildFile; fileRef = 268490331C82A03E00378065 /* UIStoryBoardExtension.swift */; };
		268490381C82A03E00378065 /* Response+ObjectMapper.swift in Sources */ = {isa = PBXBuildFile; fileRef = 268490341C82A03E00378065 /* Response+ObjectMapper.swift */; };
		268490391C82A03E00378065 /* Observable+ObjectMapper.swift in Sources */ = {isa = PBXBuildFile; fileRef = 268490351C82A03E00378065 /* Observable+ObjectMapper.swift */; };
		269F790F1CA8CEAF00FA62BE /* TechViewModel.swift in Sources */ = {isa = PBXBuildFile; fileRef = 269F790E1CA8CEAF00FA62BE /* TechViewModel.swift */; };
		26C7ADF21CA8F5BC002EA00F /* UITableViewExtension.swift in Sources */ = {isa = PBXBuildFile; fileRef = 26C7ADF11CA8F5BC002EA00F /* UITableViewExtension.swift */; };
		26C7ADF41CA8FB32002EA00F /* UIViewControllerExtension.swift in Sources */ = {isa = PBXBuildFile; fileRef = 26C7ADF31CA8FB32002EA00F /* UIViewControllerExtension.swift */; };
		26C7ADF61CA902D9002EA00F /* ContentViewModel.swift in Sources */ = {isa = PBXBuildFile; fileRef = 26C7ADF51CA902D9002EA00F /* ContentViewModel.swift */; };
		26DAD2801CA8B8B70054B1E9 /* GirlViewModel.swift in Sources */ = {isa = PBXBuildFile; fileRef = 26DAD27F1CA8B8B70054B1E9 /* GirlViewModel.swift */; };
		26DAD2821CA8C0050054B1E9 /* ActivityIndicatorView.swift in Sources */ = {isa = PBXBuildFile; fileRef = 26DAD2811CA8C0050054B1E9 /* ActivityIndicatorView.swift */; };
		26F0AC491CA92BE6003D8BA5 /* KingfisherExtension.swift in Sources */ = {isa = PBXBuildFile; fileRef = 26F0AC481CA92BE6003D8BA5 /* KingfisherExtension.swift */; };
		2D62C107405661CFEAFA2BD1 /* Pods_RxGank.framework in Frameworks */ = {isa = PBXBuildFile; fileRef = 5104E7F4EA11218982F4CFC2 /* Pods_RxGank.framework */; };
		8874A092B9A80C556EC0C061 /* Pods_ShareToGank.framework in Frameworks */ = {isa = PBXBuildFile; fileRef = 4C5D58C3E0BD08151A2E1FB5 /* Pods_ShareToGank.framework */; };
/* End PBXBuildFile section */

/* Begin PBXContainerItemProxy section */
		264280191C95C43700C64AD6 /* PBXContainerItemProxy */ = {
			isa = PBXContainerItemProxy;
			containerPortal = 26848FDC1C8294CD00378065 /* Project object */;
			proxyType = 1;
			remoteGlobalIDString = 264280101C95C43700C64AD6;
			remoteInfo = ShareToGank;
		};
/* End PBXContainerItemProxy section */

/* Begin PBXCopyFilesBuildPhase section */
		2642801B1C95C43700C64AD6 /* Embed App Extensions */ = {
			isa = PBXCopyFilesBuildPhase;
			buildActionMask = 2147483647;
			dstPath = "";
			dstSubfolderSpec = 13;
			files = (
				2642801C1C95C43700C64AD6 /* ShareToGank.appex in Embed App Extensions */,
			);
			name = "Embed App Extensions";
			runOnlyForDeploymentPostprocessing = 0;
		};
/* End PBXCopyFilesBuildPhase section */

/* Begin PBXFileReference section */
		01CE9328C3BC0813AA5C6364 /* Pods-ShareToGank.debug.xcconfig */ = {isa = PBXFileReference; includeInIndex = 1; lastKnownFileType = text.xcconfig; name = "Pods-ShareToGank.debug.xcconfig"; path = "Pods/Target Support Files/Pods-ShareToGank/Pods-ShareToGank.debug.xcconfig"; sourceTree = "<group>"; };
		2604DD261C8FC3E300486263 /* TechTableViewCell.swift */ = {isa = PBXFileReference; fileEncoding = 4; lastKnownFileType = sourcecode.swift; path = TechTableViewCell.swift; sourceTree = "<group>"; };
		2608A11F1CA931AF009B2070 /* GankScheduler.swift */ = {isa = PBXFileReference; fileEncoding = 4; lastKnownFileType = sourcecode.swift; path = GankScheduler.swift; sourceTree = "<group>"; };
		262C85CA1C98447E0076373F /* GKSafariActivity.swift */ = {isa = PBXFileReference; fileEncoding = 4; lastKnownFileType = sourcecode.swift; path = GKSafariActivity.swift; sourceTree = "<group>"; };
		26344B8C1C8FABD8008ED4F5 /* GankTransitionAnimation.swift */ = {isa = PBXFileReference; fileEncoding = 4; lastKnownFileType = sourcecode.swift; path = GankTransitionAnimation.swift; sourceTree = "<group>"; };
		26344B8E1C8FB7A2008ED4F5 /* Configuration.swift */ = {isa = PBXFileReference; fileEncoding = 4; lastKnownFileType = sourcecode.swift; path = Configuration.swift; sourceTree = "<group>"; };
		264280111C95C43700C64AD6 /* ShareToGank.appex */ = {isa = PBXFileReference; explicitFileType = "wrapper.app-extension"; includeInIndex = 0; path = ShareToGank.appex; sourceTree = BUILT_PRODUCTS_DIR; };
		264280131C95C43700C64AD6 /* ShareViewController.swift */ = {isa = PBXFileReference; lastKnownFileType = sourcecode.swift; path = ShareViewController.swift; sourceTree = "<group>"; };
		264280161C95C43700C64AD6 /* Base */ = {isa = PBXFileReference; lastKnownFileType = file.storyboard; name = Base; path = Base.lproj/MainInterface.storyboard; sourceTree = "<group>"; };
		264280181C95C43700C64AD6 /* Info.plist */ = {isa = PBXFileReference; lastKnownFileType = text.plist.xml; path = Info.plist; sourceTree = "<group>"; };
		264280201C965F8D00C64AD6 /* OptionViewController.swift */ = {isa = PBXFileReference; fileEncoding = 4; lastKnownFileType = sourcecode.swift; path = OptionViewController.swift; sourceTree = "<group>"; };
		264DD93F1C9112FD00D544FB /* Info.plist */ = {isa = PBXFileReference; fileEncoding = 4; lastKnownFileType = text.plist.xml; path = Info.plist; sourceTree = "<group>"; };
		265410911C8BE7EA00FBA58C /* TechViewController.swift */ = {isa = PBXFileReference; fileEncoding = 4; lastKnownFileType = sourcecode.swift; path = TechViewController.swift; sourceTree = "<group>"; };
		267261A71C82A60A00078037 /* GirlTableViewController.swift */ = {isa = PBXFileReference; fileEncoding = 4; lastKnownFileType = sourcecode.swift; path = GirlTableViewController.swift; sourceTree = "<group>"; };
		267261A91C82A70F00078037 /* GirlTableViewCell.swift */ = {isa = PBXFileReference; fileEncoding = 4; lastKnownFileType = sourcecode.swift; path = GirlTableViewCell.swift; sourceTree = "<group>"; };
		267261AD1C82BDBD00078037 /* ContentViewController.swift */ = {isa = PBXFileReference; fileEncoding = 4; lastKnownFileType = sourcecode.swift; path = ContentViewController.swift; sourceTree = "<group>"; };
		26735F9F1C832DB9008B1B52 /* DetailTableViewCell.swift */ = {isa = PBXFileReference; fileEncoding = 4; lastKnownFileType = sourcecode.swift; path = DetailTableViewCell.swift; sourceTree = "<group>"; };
		26848FE41C8294CD00378065 /* RxGank.app */ = {isa = PBXFileReference; explicitFileType = wrapper.application; includeInIndex = 0; path = RxGank.app; sourceTree = BUILT_PRODUCTS_DIR; };
		268490101C829B5300378065 /* AppDelegate.swift */ = {isa = PBXFileReference; fileEncoding = 4; lastKnownFileType = sourcecode.swift; path = AppDelegate.swift; sourceTree = "<group>"; };
		268490111C829B5300378065 /* Assets.xcassets */ = {isa = PBXFileReference; lastKnownFileType = folder.assetcatalog; path = Assets.xcassets; sourceTree = "<group>"; };
		268490131C829B5300378065 /* Base */ = {isa = PBXFileReference; lastKnownFileType = file.storyboard; name = Base; path = Base.lproj/LaunchScreen.storyboard; sourceTree = "<group>"; };
		268490151C829B5300378065 /* Base */ = {isa = PBXFileReference; lastKnownFileType = file.storyboard; name = Base; path = Base.lproj/Main.storyboard; sourceTree = "<group>"; };
		268490241C829C4300378065 /* GankProvider.swift */ = {isa = PBXFileReference; fileEncoding = 4; lastKnownFileType = sourcecode.swift; path = GankProvider.swift; sourceTree = "<group>"; };
		268490261C829C4300378065 /* SwiftyUserDefaults.swift */ = {isa = PBXFileReference; fileEncoding = 4; lastKnownFileType = sourcecode.swift; path = SwiftyUserDefaults.swift; sourceTree = "<group>"; };
		268490271C829C4300378065 /* Logger.swift */ = {isa = PBXFileReference; fileEncoding = 4; lastKnownFileType = sourcecode.swift; path = Logger.swift; sourceTree = "<group>"; };
		268490281C829C4300378065 /* NetworkLogger.swift */ = {isa = PBXFileReference; fileEncoding = 4; lastKnownFileType = sourcecode.swift; path = NetworkLogger.swift; sourceTree = "<group>"; };
		2684902E1C829D5300378065 /* Observable+Logger.swift */ = {isa = PBXFileReference; fileEncoding = 4; lastKnownFileType = sourcecode.swift; path = "Observable+Logger.swift"; sourceTree = "<group>"; };
		268490301C829F7100378065 /* GankModel.swift */ = {isa = PBXFileReference; fileEncoding = 4; lastKnownFileType = sourcecode.swift; path = GankModel.swift; sourceTree = "<group>"; };
		268490321C82A03E00378065 /* RefreshExtension.swift */ = {isa = PBXFileReference; fileEncoding = 4; lastKnownFileType = sourcecode.swift; path = RefreshExtension.swift; sourceTree = "<group>"; };
		268490331C82A03E00378065 /* UIStoryBoardExtension.swift */ = {isa = PBXFileReference; fileEncoding = 4; lastKnownFileType = sourcecode.swift; path = UIStoryBoardExtension.swift; sourceTree = "<group>"; };
		268490341C82A03E00378065 /* Response+ObjectMapper.swift */ = {isa = PBXFileReference; fileEncoding = 4; lastKnownFileType = sourcecode.swift; path = "Response+ObjectMapper.swift"; sourceTree = "<group>"; };
		268490351C82A03E00378065 /* Observable+ObjectMapper.swift */ = {isa = PBXFileReference; fileEncoding = 4; lastKnownFileType = sourcecode.swift; path = "Observable+ObjectMapper.swift"; sourceTree = "<group>"; };
		269F790E1CA8CEAF00FA62BE /* TechViewModel.swift */ = {isa = PBXFileReference; fileEncoding = 4; lastKnownFileType = sourcecode.swift; path = TechViewModel.swift; sourceTree = "<group>"; };
		26C7ADF11CA8F5BC002EA00F /* UITableViewExtension.swift */ = {isa = PBXFileReference; fileEncoding = 4; lastKnownFileType = sourcecode.swift; path = UITableViewExtension.swift; sourceTree = "<group>"; };
		26C7ADF31CA8FB32002EA00F /* UIViewControllerExtension.swift */ = {isa = PBXFileReference; fileEncoding = 4; lastKnownFileType = sourcecode.swift; path = UIViewControllerExtension.swift; sourceTree = "<group>"; };
		26C7ADF51CA902D9002EA00F /* ContentViewModel.swift */ = {isa = PBXFileReference; fileEncoding = 4; lastKnownFileType = sourcecode.swift; path = ContentViewModel.swift; sourceTree = "<group>"; };
		26DAD27F1CA8B8B70054B1E9 /* GirlViewModel.swift */ = {isa = PBXFileReference; fileEncoding = 4; lastKnownFileType = sourcecode.swift; path = GirlViewModel.swift; sourceTree = "<group>"; };
		26DAD2811CA8C0050054B1E9 /* ActivityIndicatorView.swift */ = {isa = PBXFileReference; fileEncoding = 4; lastKnownFileType = sourcecode.swift; path = ActivityIndicatorView.swift; sourceTree = "<group>"; };
		26F0AC481CA92BE6003D8BA5 /* KingfisherExtension.swift */ = {isa = PBXFileReference; fileEncoding = 4; lastKnownFileType = sourcecode.swift; path = KingfisherExtension.swift; sourceTree = "<group>"; };
		4C5D58C3E0BD08151A2E1FB5 /* Pods_ShareToGank.framework */ = {isa = PBXFileReference; explicitFileType = wrapper.framework; includeInIndex = 0; path = Pods_ShareToGank.framework; sourceTree = BUILT_PRODUCTS_DIR; };
		4E99E28E60F5D1FD9187BACB /* Pods-RxGank.debug.xcconfig */ = {isa = PBXFileReference; includeInIndex = 1; lastKnownFileType = text.xcconfig; name = "Pods-RxGank.debug.xcconfig"; path = "Pods/Target Support Files/Pods-RxGank/Pods-RxGank.debug.xcconfig"; sourceTree = "<group>"; };
		5104E7F4EA11218982F4CFC2 /* Pods_RxGank.framework */ = {isa = PBXFileReference; explicitFileType = wrapper.framework; includeInIndex = 0; path = Pods_RxGank.framework; sourceTree = BUILT_PRODUCTS_DIR; };
		9C509040D8A09894888E2873 /* Pods-RxGank.release.xcconfig */ = {isa = PBXFileReference; includeInIndex = 1; lastKnownFileType = text.xcconfig; name = "Pods-RxGank.release.xcconfig"; path = "Pods/Target Support Files/Pods-RxGank/Pods-RxGank.release.xcconfig"; sourceTree = "<group>"; };
		F8DF9F0B25A8EBA06F73A1A4 /* Pods-ShareToGank.release.xcconfig */ = {isa = PBXFileReference; includeInIndex = 1; lastKnownFileType = text.xcconfig; name = "Pods-ShareToGank.release.xcconfig"; path = "Pods/Target Support Files/Pods-ShareToGank/Pods-ShareToGank.release.xcconfig"; sourceTree = "<group>"; };
/* End PBXFileReference section */

/* Begin PBXFrameworksBuildPhase section */
		2642800E1C95C43700C64AD6 /* Frameworks */ = {
			isa = PBXFrameworksBuildPhase;
			buildActionMask = 2147483647;
			files = (
				8874A092B9A80C556EC0C061 /* Pods_ShareToGank.framework in Frameworks */,
			);
			runOnlyForDeploymentPostprocessing = 0;
		};
		26848FE11C8294CD00378065 /* Frameworks */ = {
			isa = PBXFrameworksBuildPhase;
			buildActionMask = 2147483647;
			files = (
				2D62C107405661CFEAFA2BD1 /* Pods_RxGank.framework in Frameworks */,
			);
			runOnlyForDeploymentPostprocessing = 0;
		};
/* End PBXFrameworksBuildPhase section */

/* Begin PBXGroup section */
		016AB827B825D6FEF25E040E /* Frameworks */ = {
			isa = PBXGroup;
			children = (
				5104E7F4EA11218982F4CFC2 /* Pods_RxGank.framework */,
				4C5D58C3E0BD08151A2E1FB5 /* Pods_ShareToGank.framework */,
			);
			name = Frameworks;
			sourceTree = "<group>";
		};
		264280121C95C43700C64AD6 /* ShareToGank */ = {
			isa = PBXGroup;
			children = (
				264280131C95C43700C64AD6 /* ShareViewController.swift */,
				264280151C95C43700C64AD6 /* MainInterface.storyboard */,
				264280181C95C43700C64AD6 /* Info.plist */,
				264280201C965F8D00C64AD6 /* OptionViewController.swift */,
			);
			path = ShareToGank;
			sourceTree = "<group>";
		};
		26848FDB1C8294CD00378065 = {
			isa = PBXGroup;
			children = (
				2684900F1C829B5300378065 /* RxGank */,
				264280121C95C43700C64AD6 /* ShareToGank */,
				26848FE51C8294CD00378065 /* Products */,
				F6EC683D3AC3BF39F463482A /* Pods */,
				016AB827B825D6FEF25E040E /* Frameworks */,
			);
			sourceTree = "<group>";
		};
		26848FE51C8294CD00378065 /* Products */ = {
			isa = PBXGroup;
			children = (
				26848FE41C8294CD00378065 /* RxGank.app */,
				264280111C95C43700C64AD6 /* ShareToGank.appex */,
			);
			name = Products;
			sourceTree = "<group>";
		};
		2684900F1C829B5300378065 /* RxGank */ = {
			isa = PBXGroup;
			children = (
				268490161C829B5300378065 /* Controllers */,
				26DAD27E1CA8B8B70054B1E9 /* ViewModels */,
				268490191C829B5300378065 /* Models */,
				2684901A1C829B5300378065 /* Utils */,
				268490171C829B5300378065 /* Extensions */,
				2684901D1C829B5300378065 /* Views */,
				26344B8E1C8FB7A2008ED4F5 /* Configuration.swift */,
				264DD93F1C9112FD00D544FB /* Info.plist */,
				268490101C829B5300378065 /* AppDelegate.swift */,
				268490111C829B5300378065 /* Assets.xcassets */,
				268490121C829B5300378065 /* LaunchScreen.storyboard */,
				268490141C829B5300378065 /* Main.storyboard */,
			);
			path = RxGank;
			sourceTree = "<group>";
		};
		268490161C829B5300378065 /* Controllers */ = {
			isa = PBXGroup;
			children = (
				267261A71C82A60A00078037 /* GirlTableViewController.swift */,
				267261AD1C82BDBD00078037 /* ContentViewController.swift */,
				265410911C8BE7EA00FBA58C /* TechViewController.swift */,
			);
			path = Controllers;
			sourceTree = "<group>";
		};
		268490171C829B5300378065 /* Extensions */ = {
			isa = PBXGroup;
			children = (
				268490321C82A03E00378065 /* RefreshExtension.swift */,
				268490331C82A03E00378065 /* UIStoryBoardExtension.swift */,
				268490341C82A03E00378065 /* Response+ObjectMapper.swift */,
				268490351C82A03E00378065 /* Observable+ObjectMapper.swift */,
				2684902E1C829D5300378065 /* Observable+Logger.swift */,
				26C7ADF11CA8F5BC002EA00F /* UITableViewExtension.swift */,
				26C7ADF31CA8FB32002EA00F /* UIViewControllerExtension.swift */,
				26F0AC481CA92BE6003D8BA5 /* KingfisherExtension.swift */,
			);
			path = Extensions;
			sourceTree = "<group>";
		};
		268490191C829B5300378065 /* Models */ = {
			isa = PBXGroup;
			children = (
				268490301C829F7100378065 /* GankModel.swift */,
			);
			path = Models;
			sourceTree = "<group>";
		};
		2684901A1C829B5300378065 /* Utils */ = {
			isa = PBXGroup;
			children = (
				268490241C829C4300378065 /* GankProvider.swift */,
				2608A11F1CA931AF009B2070 /* GankScheduler.swift */,
				268490261C829C4300378065 /* SwiftyUserDefaults.swift */,
				268490271C829C4300378065 /* Logger.swift */,
				268490281C829C4300378065 /* NetworkLogger.swift */,
				26344B8C1C8FABD8008ED4F5 /* GankTransitionAnimation.swift */,
				262C85CA1C98447E0076373F /* GKSafariActivity.swift */,
			);
			path = Utils;
			sourceTree = "<group>";
		};
		2684901D1C829B5300378065 /* Views */ = {
			isa = PBXGroup;
			children = (
				267261A91C82A70F00078037 /* GirlTableViewCell.swift */,
				26735F9F1C832DB9008B1B52 /* DetailTableViewCell.swift */,
				2604DD261C8FC3E300486263 /* TechTableViewCell.swift */,
				26DAD2811CA8C0050054B1E9 /* ActivityIndicatorView.swift */,
			);
			path = Views;
			sourceTree = "<group>";
		};
		26DAD27E1CA8B8B70054B1E9 /* ViewModels */ = {
			isa = PBXGroup;
			children = (
				26DAD27F1CA8B8B70054B1E9 /* GirlViewModel.swift */,
				269F790E1CA8CEAF00FA62BE /* TechViewModel.swift */,
				26C7ADF51CA902D9002EA00F /* ContentViewModel.swift */,
			);
			path = ViewModels;
			sourceTree = "<group>";
		};
		F6EC683D3AC3BF39F463482A /* Pods */ = {
			isa = PBXGroup;
			children = (
				4E99E28E60F5D1FD9187BACB /* Pods-RxGank.debug.xcconfig */,
				9C509040D8A09894888E2873 /* Pods-RxGank.release.xcconfig */,
				01CE9328C3BC0813AA5C6364 /* Pods-ShareToGank.debug.xcconfig */,
				F8DF9F0B25A8EBA06F73A1A4 /* Pods-ShareToGank.release.xcconfig */,
			);
			name = Pods;
			sourceTree = "<group>";
		};
/* End PBXGroup section */

/* Begin PBXNativeTarget section */
		264280101C95C43700C64AD6 /* ShareToGank */ = {
			isa = PBXNativeTarget;
			buildConfigurationList = 2642801F1C95C43700C64AD6 /* Build configuration list for PBXNativeTarget "ShareToGank" */;
			buildPhases = (
				A6A04E6719C2445828439B54 /* Check Pods Manifest.lock */,
				2642800D1C95C43700C64AD6 /* Sources */,
				2642800E1C95C43700C64AD6 /* Frameworks */,
				2642800F1C95C43700C64AD6 /* Resources */,
				73B1F77404B51CDE5DD33320 /* Embed Pods Frameworks */,
				70D7BCBCF868E870B4F15278 /* Copy Pods Resources */,
			);
			buildRules = (
			);
			dependencies = (
			);
			name = ShareToGank;
			productName = ShareToGank;
			productReference = 264280111C95C43700C64AD6 /* ShareToGank.appex */;
			productType = "com.apple.product-type.app-extension";
		};
		26848FE31C8294CD00378065 /* RxGank */ = {
			isa = PBXNativeTarget;
			buildConfigurationList = 26848FF61C8294CD00378065 /* Build configuration list for PBXNativeTarget "RxGank" */;
			buildPhases = (
				DD1F472F97FBEC23E500A6AF /* Check Pods Manifest.lock */,
				26848FE01C8294CD00378065 /* Sources */,
				26848FE11C8294CD00378065 /* Frameworks */,
				26848FE21C8294CD00378065 /* Resources */,
				DB5D1314AADDD86BEDB86403 /* Embed Pods Frameworks */,
				54CBAD5AF8A9BF114BC1E45C /* Copy Pods Resources */,
				2642801B1C95C43700C64AD6 /* Embed App Extensions */,
			);
			buildRules = (
			);
			dependencies = (
				2642801A1C95C43700C64AD6 /* PBXTargetDependency */,
			);
			name = RxGank;
			productName = RxGank;
			productReference = 26848FE41C8294CD00378065 /* RxGank.app */;
			productType = "com.apple.product-type.application";
		};
/* End PBXNativeTarget section */

/* Begin PBXProject section */
		26848FDC1C8294CD00378065 /* Project object */ = {
			isa = PBXProject;
			attributes = {
				LastSwiftUpdateCheck = 0720;
				LastUpgradeCheck = 0720;
				ORGANIZATIONNAME = DianQK;
				TargetAttributes = {
					264280101C95C43700C64AD6 = {
						CreatedOnToolsVersion = 7.2.1;
					};
					26848FE31C8294CD00378065 = {
						CreatedOnToolsVersion = 7.2.1;
						SystemCapabilities = {
							com.apple.ApplicationGroups.iOS = {
								enabled = 0;
							};
						};
					};
				};
			};
			buildConfigurationList = 26848FDF1C8294CD00378065 /* Build configuration list for PBXProject "RxGank" */;
			compatibilityVersion = "Xcode 3.2";
			developmentRegion = English;
			hasScannedForEncodings = 0;
			knownRegions = (
				en,
				Base,
			);
			mainGroup = 26848FDB1C8294CD00378065;
			productRefGroup = 26848FE51C8294CD00378065 /* Products */;
			projectDirPath = "";
			projectRoot = "";
			targets = (
				26848FE31C8294CD00378065 /* RxGank */,
				264280101C95C43700C64AD6 /* ShareToGank */,
			);
		};
/* End PBXProject section */

/* Begin PBXResourcesBuildPhase section */
		2642800F1C95C43700C64AD6 /* Resources */ = {
			isa = PBXResourcesBuildPhase;
			buildActionMask = 2147483647;
			files = (
				264280171C95C43700C64AD6 /* MainInterface.storyboard in Resources */,
			);
			runOnlyForDeploymentPostprocessing = 0;
		};
		26848FE21C8294CD00378065 /* Resources */ = {
			isa = PBXResourcesBuildPhase;
			buildActionMask = 2147483647;
			files = (
				268490211C829B5300378065 /* Main.storyboard in Resources */,
				2684901F1C829B5300378065 /* Assets.xcassets in Resources */,
				268490201C829B5300378065 /* LaunchScreen.storyboard in Resources */,
			);
			runOnlyForDeploymentPostprocessing = 0;
		};
/* End PBXResourcesBuildPhase section */

/* Begin PBXShellScriptBuildPhase section */
		54CBAD5AF8A9BF114BC1E45C /* Copy Pods Resources */ = {
			isa = PBXShellScriptBuildPhase;
			buildActionMask = 2147483647;
			files = (
			);
			inputPaths = (
			);
			name = "Copy Pods Resources";
			outputPaths = (
			);
			runOnlyForDeploymentPostprocessing = 0;
			shellPath = /bin/sh;
			shellScript = "\"${SRCROOT}/Pods/Target Support Files/Pods-RxGank/Pods-RxGank-resources.sh\"\n";
			showEnvVarsInLog = 0;
		};
		70D7BCBCF868E870B4F15278 /* Copy Pods Resources */ = {
			isa = PBXShellScriptBuildPhase;
			buildActionMask = 2147483647;
			files = (
			);
			inputPaths = (
			);
			name = "Copy Pods Resources";
			outputPaths = (
			);
			runOnlyForDeploymentPostprocessing = 0;
			shellPath = /bin/sh;
			shellScript = "\"${SRCROOT}/Pods/Target Support Files/Pods-ShareToGank/Pods-ShareToGank-resources.sh\"\n";
			showEnvVarsInLog = 0;
		};
		73B1F77404B51CDE5DD33320 /* Embed Pods Frameworks */ = {
			isa = PBXShellScriptBuildPhase;
			buildActionMask = 2147483647;
			files = (
			);
			inputPaths = (
			);
			name = "Embed Pods Frameworks";
			outputPaths = (
			);
			runOnlyForDeploymentPostprocessing = 0;
			shellPath = /bin/sh;
			shellScript = "\"${SRCROOT}/Pods/Target Support Files/Pods-ShareToGank/Pods-ShareToGank-frameworks.sh\"\n";
			showEnvVarsInLog = 0;
		};
		A6A04E6719C2445828439B54 /* Check Pods Manifest.lock */ = {
			isa = PBXShellScriptBuildPhase;
			buildActionMask = 2147483647;
			files = (
			);
			inputPaths = (
			);
			name = "Check Pods Manifest.lock";
			outputPaths = (
			);
			runOnlyForDeploymentPostprocessing = 0;
			shellPath = /bin/sh;
			shellScript = "diff \"${PODS_ROOT}/../Podfile.lock\" \"${PODS_ROOT}/Manifest.lock\" > /dev/null\nif [[ $? != 0 ]] ; then\n    cat << EOM\nerror: The sandbox is not in sync with the Podfile.lock. Run 'pod install' or update your CocoaPods installation.\nEOM\n    exit 1\nfi\n";
			showEnvVarsInLog = 0;
		};
		DB5D1314AADDD86BEDB86403 /* Embed Pods Frameworks */ = {
			isa = PBXShellScriptBuildPhase;
			buildActionMask = 2147483647;
			files = (
			);
			inputPaths = (
			);
			name = "Embed Pods Frameworks";
			outputPaths = (
			);
			runOnlyForDeploymentPostprocessing = 0;
			shellPath = /bin/sh;
			shellScript = "\"${SRCROOT}/Pods/Target Support Files/Pods-RxGank/Pods-RxGank-frameworks.sh\"\n";
			showEnvVarsInLog = 0;
		};
		DD1F472F97FBEC23E500A6AF /* Check Pods Manifest.lock */ = {
			isa = PBXShellScriptBuildPhase;
			buildActionMask = 2147483647;
			files = (
			);
			inputPaths = (
			);
			name = "Check Pods Manifest.lock";
			outputPaths = (
			);
			runOnlyForDeploymentPostprocessing = 0;
			shellPath = /bin/sh;
			shellScript = "diff \"${PODS_ROOT}/../Podfile.lock\" \"${PODS_ROOT}/Manifest.lock\" > /dev/null\nif [[ $? != 0 ]] ; then\n    cat << EOM\nerror: The sandbox is not in sync with the Podfile.lock. Run 'pod install' or update your CocoaPods installation.\nEOM\n    exit 1\nfi\n";
			showEnvVarsInLog = 0;
		};
/* End PBXShellScriptBuildPhase section */

/* Begin PBXSourcesBuildPhase section */
		2642800D1C95C43700C64AD6 /* Sources */ = {
			isa = PBXSourcesBuildPhase;
			buildActionMask = 2147483647;
			files = (
				264280141C95C43700C64AD6 /* ShareViewController.swift in Sources */,
				264280211C965F8D00C64AD6 /* OptionViewController.swift in Sources */,
			);
			runOnlyForDeploymentPostprocessing = 0;
		};
		26848FE01C8294CD00378065 /* Sources */ = {
			isa = PBXSourcesBuildPhase;
			buildActionMask = 2147483647;
			files = (
				2604DD271C8FC3E300486263 /* TechTableViewCell.swift in Sources */,
				268490391C82A03E00378065 /* Observable+ObjectMapper.swift in Sources */,
				2608A1201CA931AF009B2070 /* GankScheduler.swift in Sources */,
				26C7ADF41CA8FB32002EA00F /* UIViewControllerExtension.swift in Sources */,
				268490371C82A03E00378065 /* UIStoryBoardExtension.swift in Sources */,
				26C7ADF21CA8F5BC002EA00F /* UITableViewExtension.swift in Sources */,
				2684902D1C829C4300378065 /* NetworkLogger.swift in Sources */,
				26735FA01C832DB9008B1B52 /* DetailTableViewCell.swift in Sources */,
				267261AA1C82A70F00078037 /* GirlTableViewCell.swift in Sources */,
				2684902B1C829C4300378065 /* SwiftyUserDefaults.swift in Sources */,
				265410921C8BE7EA00FBA58C /* TechViewController.swift in Sources */,
				269F790F1CA8CEAF00FA62BE /* TechViewModel.swift in Sources */,
				2684902C1C829C4300378065 /* Logger.swift in Sources */,
				267261AE1C82BDBD00078037 /* ContentViewController.swift in Sources */,
				262C85CB1C98447E0076373F /* GKSafariActivity.swift in Sources */,
				26C7ADF61CA902D9002EA00F /* ContentViewModel.swift in Sources */,
				26DAD2801CA8B8B70054B1E9 /* GirlViewModel.swift in Sources */,
				2684902F1C829D5300378065 /* Observable+Logger.swift in Sources */,
				268490311C829F7100378065 /* GankModel.swift in Sources */,
				26F0AC491CA92BE6003D8BA5 /* KingfisherExtension.swift in Sources */,
				268490381C82A03E00378065 /* Response+ObjectMapper.swift in Sources */,
				26344B8F1C8FB7A2008ED4F5 /* Configuration.swift in Sources */,
				268490291C829C4300378065 /* GankProvider.swift in Sources */,
				26DAD2821CA8C0050054B1E9 /* ActivityIndicatorView.swift in Sources */,
				26344B8D1C8FABD8008ED4F5 /* GankTransitionAnimation.swift in Sources */,
				267261A81C82A60A00078037 /* GirlTableViewController.swift in Sources */,
				2684901E1C829B5300378065 /* AppDelegate.swift in Sources */,
				268490361C82A03E00378065 /* RefreshExtension.swift in Sources */,
			);
			runOnlyForDeploymentPostprocessing = 0;
		};
/* End PBXSourcesBuildPhase section */

/* Begin PBXTargetDependency section */
		2642801A1C95C43700C64AD6 /* PBXTargetDependency */ = {
			isa = PBXTargetDependency;
			target = 264280101C95C43700C64AD6 /* ShareToGank */;
			targetProxy = 264280191C95C43700C64AD6 /* PBXContainerItemProxy */;
		};
/* End PBXTargetDependency section */

/* Begin PBXVariantGroup section */
		264280151C95C43700C64AD6 /* MainInterface.storyboard */ = {
			isa = PBXVariantGroup;
			children = (
				264280161C95C43700C64AD6 /* Base */,
			);
			name = MainInterface.storyboard;
			sourceTree = "<group>";
		};
		268490121C829B5300378065 /* LaunchScreen.storyboard */ = {
			isa = PBXVariantGroup;
			children = (
				268490131C829B5300378065 /* Base */,
			);
			name = LaunchScreen.storyboard;
			sourceTree = "<group>";
		};
		268490141C829B5300378065 /* Main.storyboard */ = {
			isa = PBXVariantGroup;
			children = (
				268490151C829B5300378065 /* Base */,
			);
			name = Main.storyboard;
			sourceTree = "<group>";
		};
/* End PBXVariantGroup section */

/* Begin XCBuildConfiguration section */
		2642801D1C95C43700C64AD6 /* Debug */ = {
			isa = XCBuildConfiguration;
			baseConfigurationReference = 01CE9328C3BC0813AA5C6364 /* Pods-ShareToGank.debug.xcconfig */;
			buildSettings = {
				CODE_SIGN_IDENTITY = "iPhone Developer";
				INFOPLIST_FILE = ShareToGank/Info.plist;
				LD_RUNPATH_SEARCH_PATHS = "$(inherited) @executable_path/Frameworks @executable_path/../../Frameworks";
				PRODUCT_BUNDLE_IDENTIFIER = org.dianqk.RxGank.ShareToGank;
				PRODUCT_NAME = "$(TARGET_NAME)";
				SKIP_INSTALL = YES;
				TARGETED_DEVICE_FAMILY = 1;
			};
			name = Debug;
		};
		2642801E1C95C43700C64AD6 /* Release */ = {
			isa = XCBuildConfiguration;
			baseConfigurationReference = F8DF9F0B25A8EBA06F73A1A4 /* Pods-ShareToGank.release.xcconfig */;
			buildSettings = {
				CODE_SIGN_IDENTITY = "iPhone Developer";
				INFOPLIST_FILE = ShareToGank/Info.plist;
				LD_RUNPATH_SEARCH_PATHS = "$(inherited) @executable_path/Frameworks @executable_path/../../Frameworks";
				PRODUCT_BUNDLE_IDENTIFIER = org.dianqk.RxGank.ShareToGank;
				PRODUCT_NAME = "$(TARGET_NAME)";
				SKIP_INSTALL = YES;
				TARGETED_DEVICE_FAMILY = 1;
			};
			name = Release;
		};
		26848FF41C8294CD00378065 /* Debug */ = {
			isa = XCBuildConfiguration;
			buildSettings = {
				ALWAYS_SEARCH_USER_PATHS = NO;
				CLANG_CXX_LANGUAGE_STANDARD = "gnu++0x";
				CLANG_CXX_LIBRARY = "libc++";
				CLANG_ENABLE_MODULES = YES;
				CLANG_ENABLE_OBJC_ARC = YES;
				CLANG_WARN_BOOL_CONVERSION = YES;
				CLANG_WARN_CONSTANT_CONVERSION = YES;
				CLANG_WARN_DIRECT_OBJC_ISA_USAGE = YES_ERROR;
				CLANG_WARN_EMPTY_BODY = YES;
				CLANG_WARN_ENUM_CONVERSION = YES;
				CLANG_WARN_INT_CONVERSION = YES;
				CLANG_WARN_OBJC_ROOT_CLASS = YES_ERROR;
				CLANG_WARN_UNREACHABLE_CODE = YES;
				CLANG_WARN__DUPLICATE_METHOD_MATCH = YES;
				"CODE_SIGN_IDENTITY[sdk=iphoneos*]" = "iPhone Developer";
				COPY_PHASE_STRIP = NO;
				DEBUG_INFORMATION_FORMAT = dwarf;
				ENABLE_STRICT_OBJC_MSGSEND = YES;
				ENABLE_TESTABILITY = YES;
				GCC_C_LANGUAGE_STANDARD = gnu99;
				GCC_DYNAMIC_NO_PIC = NO;
				GCC_NO_COMMON_BLOCKS = YES;
				GCC_OPTIMIZATION_LEVEL = 0;
				GCC_PREPROCESSOR_DEFINITIONS = (
					"DEBUG=1",
					"$(inherited)",
				);
				GCC_WARN_64_TO_32_BIT_CONVERSION = YES;
				GCC_WARN_ABOUT_RETURN_TYPE = YES_ERROR;
				GCC_WARN_UNDECLARED_SELECTOR = YES;
				GCC_WARN_UNINITIALIZED_AUTOS = YES_AGGRESSIVE;
				GCC_WARN_UNUSED_FUNCTION = YES;
				GCC_WARN_UNUSED_VARIABLE = YES;
				IPHONEOS_DEPLOYMENT_TARGET = 9.2;
				MTL_ENABLE_DEBUG_INFO = YES;
				ONLY_ACTIVE_ARCH = YES;
				SDKROOT = iphoneos;
				SWIFT_OPTIMIZATION_LEVEL = "-Onone";
			};
			name = Debug;
		};
		26848FF51C8294CD00378065 /* Release */ = {
			isa = XCBuildConfiguration;
			buildSettings = {
				ALWAYS_SEARCH_USER_PATHS = NO;
				CLANG_CXX_LANGUAGE_STANDARD = "gnu++0x";
				CLANG_CXX_LIBRARY = "libc++";
				CLANG_ENABLE_MODULES = YES;
				CLANG_ENABLE_OBJC_ARC = YES;
				CLANG_WARN_BOOL_CONVERSION = YES;
				CLANG_WARN_CONSTANT_CONVERSION = YES;
				CLANG_WARN_DIRECT_OBJC_ISA_USAGE = YES_ERROR;
				CLANG_WARN_EMPTY_BODY = YES;
				CLANG_WARN_ENUM_CONVERSION = YES;
				CLANG_WARN_INT_CONVERSION = YES;
				CLANG_WARN_OBJC_ROOT_CLASS = YES_ERROR;
				CLANG_WARN_UNREACHABLE_CODE = YES;
				CLANG_WARN__DUPLICATE_METHOD_MATCH = YES;
				"CODE_SIGN_IDENTITY[sdk=iphoneos*]" = "iPhone Developer";
				COPY_PHASE_STRIP = NO;
				DEBUG_INFORMATION_FORMAT = "dwarf-with-dsym";
				ENABLE_NS_ASSERTIONS = NO;
				ENABLE_STRICT_OBJC_MSGSEND = YES;
				GCC_C_LANGUAGE_STANDARD = gnu99;
				GCC_NO_COMMON_BLOCKS = YES;
				GCC_WARN_64_TO_32_BIT_CONVERSION = YES;
				GCC_WARN_ABOUT_RETURN_TYPE = YES_ERROR;
				GCC_WARN_UNDECLARED_SELECTOR = YES;
				GCC_WARN_UNINITIALIZED_AUTOS = YES_AGGRESSIVE;
				GCC_WARN_UNUSED_FUNCTION = YES;
				GCC_WARN_UNUSED_VARIABLE = YES;
				IPHONEOS_DEPLOYMENT_TARGET = 9.2;
				MTL_ENABLE_DEBUG_INFO = NO;
				SDKROOT = iphoneos;
				VALIDATE_PRODUCT = YES;
			};
			name = Release;
		};
		26848FF71C8294CD00378065 /* Debug */ = {
			isa = XCBuildConfiguration;
			baseConfigurationReference = 4E99E28E60F5D1FD9187BACB /* Pods-RxGank.debug.xcconfig */;
			buildSettings = {
				ASSETCATALOG_COMPILER_APPICON_NAME = AppIcon;
				CODE_SIGN_ENTITLEMENTS = "";
				CODE_SIGN_IDENTITY = "iPhone Developer";
				EMBEDDED_CONTENT_CONTAINS_SWIFT = YES;
				INFOPLIST_FILE = RxGank/Info.plist;
				LD_RUNPATH_SEARCH_PATHS = "$(inherited) @executable_path/Frameworks";
				OTHER_SWIFT_FLAGS = "$(inherited) \"-D\" \"COCOAPODS\" -DDEBUG";
				PRODUCT_BUNDLE_IDENTIFIER = org.dianqk.RxGank;
				PRODUCT_NAME = "$(TARGET_NAME)";
			};
			name = Debug;
		};
		26848FF81C8294CD00378065 /* Release */ = {
			isa = XCBuildConfiguration;
			baseConfigurationReference = 9C509040D8A09894888E2873 /* Pods-RxGank.release.xcconfig */;
			buildSettings = {
				ASSETCATALOG_COMPILER_APPICON_NAME = AppIcon;
				CODE_SIGN_ENTITLEMENTS = "";
				CODE_SIGN_IDENTITY = "iPhone Developer";
				EMBEDDED_CONTENT_CONTAINS_SWIFT = YES;
				INFOPLIST_FILE = RxGank/Info.plist;
				LD_RUNPATH_SEARCH_PATHS = "$(inherited) @executable_path/Frameworks";
				PRODUCT_BUNDLE_IDENTIFIER = org.dianqk.RxGank;
				PRODUCT_NAME = "$(TARGET_NAME)";
				SWIFT_OPTIMIZATION_LEVEL = "-Owholemodule";
			};
			name = Release;
		};
/* End XCBuildConfiguration section */

/* Begin XCConfigurationList section */
		2642801F1C95C43700C64AD6 /* Build configuration list for PBXNativeTarget "ShareToGank" */ = {
			isa = XCConfigurationList;
			buildConfigurations = (
				2642801D1C95C43700C64AD6 /* Debug */,
				2642801E1C95C43700C64AD6 /* Release */,
			);
			defaultConfigurationIsVisible = 0;
			defaultConfigurationName = Release;
		};
		26848FDF1C8294CD00378065 /* Build configuration list for PBXProject "RxGank" */ = {
			isa = XCConfigurationList;
			buildConfigurations = (
				26848FF41C8294CD00378065 /* Debug */,
				26848FF51C8294CD00378065 /* Release */,
			);
			defaultConfigurationIsVisible = 0;
			defaultConfigurationName = Release;
		};
		26848FF61C8294CD00378065 /* Build configuration list for PBXNativeTarget "RxGank" */ = {
			isa = XCConfigurationList;
			buildConfigurations = (
				26848FF71C8294CD00378065 /* Debug */,
				26848FF81C8294CD00378065 /* Release */,
			);
			defaultConfigurationIsVisible = 0;
			defaultConfigurationName = Release;
		};
/* End XCConfigurationList section */
	};
	rootObject = 26848FDC1C8294CD00378065 /* Project object */;
}
